// !$*UTF8*$!
{
	archiveVersion = 1;
	classes = {
	};
	objectVersion = 55;
	objects = {

/* Begin PBXBuildFile section */
		2A3E048029DDAC5200E0DF42 /* Main.storyboard in Resources */ = {isa = PBXBuildFile; fileRef = 2A3E047F29DDAC5200E0DF42 /* Main.storyboard */; };
		2A4771C129CB19A00003E98D /* AppDelegate.m in Sources */ = {isa = PBXBuildFile; fileRef = 2A4771C029CB19A00003E98D /* AppDelegate.m */; };
		2A4771C429CB19A00003E98D /* SceneDelegate.m in Sources */ = {isa = PBXBuildFile; fileRef = 2A4771C329CB19A00003E98D /* SceneDelegate.m */; };
		2A4771C729CB19A00003E98D /* ViewController.m in Sources */ = {isa = PBXBuildFile; fileRef = 2A4771C629CB19A00003E98D /* ViewController.m */; };
		2A4771CC29CB19A10003E98D /* Assets.xcassets in Resources */ = {isa = PBXBuildFile; fileRef = 2A4771CB29CB19A10003E98D /* Assets.xcassets */; };
		2A4771CF29CB19A10003E98D /* LaunchScreen.storyboard in Resources */ = {isa = PBXBuildFile; fileRef = 2A4771CD29CB19A10003E98D /* LaunchScreen.storyboard */; };
		2A4771D229CB19A10003E98D /* main.m in Sources */ = {isa = PBXBuildFile; fileRef = 2A4771D129CB19A10003E98D /* main.m */; };
		2A4771DC29CB1CB20003E98D /* DapiSDK in Frameworks */ = {isa = PBXBuildFile; productRef = 2A4771DB29CB1CB20003E98D /* DapiSDK */; };
		2AF061BF28EAEBA1005DAAA5 /* AppDelegate.swift in Sources */ = {isa = PBXBuildFile; fileRef = 2AF061BE28EAEBA1005DAAA5 /* AppDelegate.swift */; };
		2AF061C128EAEBA1005DAAA5 /* SceneDelegate.swift in Sources */ = {isa = PBXBuildFile; fileRef = 2AF061C028EAEBA1005DAAA5 /* SceneDelegate.swift */; };
		2AF061C328EAEBA1005DAAA5 /* ViewController.swift in Sources */ = {isa = PBXBuildFile; fileRef = 2AF061C228EAEBA1005DAAA5 /* ViewController.swift */; };
		2AF061C628EAEBA1005DAAA5 /* Main.storyboard in Resources */ = {isa = PBXBuildFile; fileRef = 2AF061C428EAEBA1005DAAA5 /* Main.storyboard */; };
		2AF061C828EAEBA5005DAAA5 /* Assets.xcassets in Resources */ = {isa = PBXBuildFile; fileRef = 2AF061C728EAEBA5005DAAA5 /* Assets.xcassets */; };
		2AF061CB28EAEBA5005DAAA5 /* LaunchScreen.storyboard in Resources */ = {isa = PBXBuildFile; fileRef = 2AF061C928EAEBA5005DAAA5 /* LaunchScreen.storyboard */; };
		2AF061D628EB09C4005DAAA5 /* ViewController+BankConnects.swift in Sources */ = {isa = PBXBuildFile; fileRef = 2AF061D528EB09C4005DAAA5 /* ViewController+BankConnects.swift */; };
		2AF061D828EB0A4F005DAAA5 /* ViewController+DataAPIs.swift in Sources */ = {isa = PBXBuildFile; fileRef = 2AF061D728EB0A4F005DAAA5 /* ViewController+DataAPIs.swift */; };
		2AF061DA28EB0B69005DAAA5 /* ViewController+PaymentAPIs.swift.swift in Sources */ = {isa = PBXBuildFile; fileRef = 2AF061D928EB0B69005DAAA5 /* ViewController+PaymentAPIs.swift.swift */; };
/* End PBXBuildFile section */

/* Begin PBXFileReference section */
		2A3E047F29DDAC5200E0DF42 /* Main.storyboard */ = {isa = PBXFileReference; fileEncoding = 4; lastKnownFileType = file.storyboard; path = Main.storyboard; sourceTree = "<group>"; };
		2A4771BD29CB19A00003E98D /* Objective-C.app */ = {isa = PBXFileReference; explicitFileType = wrapper.application; includeInIndex = 0; path = "Objective-C.app"; sourceTree = BUILT_PRODUCTS_DIR; };
		2A4771BF29CB19A00003E98D /* AppDelegate.h */ = {isa = PBXFileReference; lastKnownFileType = sourcecode.c.h; path = AppDelegate.h; sourceTree = "<group>"; };
		2A4771C029CB19A00003E98D /* AppDelegate.m */ = {isa = PBXFileReference; lastKnownFileType = sourcecode.c.objc; path = AppDelegate.m; sourceTree = "<group>"; };
		2A4771C229CB19A00003E98D /* SceneDelegate.h */ = {isa = PBXFileReference; lastKnownFileType = sourcecode.c.h; path = SceneDelegate.h; sourceTree = "<group>"; };
		2A4771C329CB19A00003E98D /* SceneDelegate.m */ = {isa = PBXFileReference; lastKnownFileType = sourcecode.c.objc; path = SceneDelegate.m; sourceTree = "<group>"; };
		2A4771C529CB19A00003E98D /* ViewController.h */ = {isa = PBXFileReference; lastKnownFileType = sourcecode.c.h; path = ViewController.h; sourceTree = "<group>"; };
		2A4771C629CB19A00003E98D /* ViewController.m */ = {isa = PBXFileReference; lastKnownFileType = sourcecode.c.objc; path = ViewController.m; sourceTree = "<group>"; };
		2A4771CB29CB19A10003E98D /* Assets.xcassets */ = {isa = PBXFileReference; lastKnownFileType = folder.assetcatalog; path = Assets.xcassets; sourceTree = "<group>"; };
		2A4771CE29CB19A10003E98D /* Base */ = {isa = PBXFileReference; lastKnownFileType = file.storyboard; name = Base; path = Base.lproj/LaunchScreen.storyboard; sourceTree = "<group>"; };
		2A4771D029CB19A10003E98D /* Info.plist */ = {isa = PBXFileReference; lastKnownFileType = text.plist.xml; path = Info.plist; sourceTree = "<group>"; };
		2A4771D129CB19A10003E98D /* main.m */ = {isa = PBXFileReference; lastKnownFileType = sourcecode.c.objc; path = main.m; sourceTree = "<group>"; };
		2AF061BB28EAEBA1005DAAA5 /* Example.app */ = {isa = PBXFileReference; explicitFileType = wrapper.application; includeInIndex = 0; path = Example.app; sourceTree = BUILT_PRODUCTS_DIR; };
		2AF061BE28EAEBA1005DAAA5 /* AppDelegate.swift */ = {isa = PBXFileReference; lastKnownFileType = sourcecode.swift; path = AppDelegate.swift; sourceTree = "<group>"; };
		2AF061C028EAEBA1005DAAA5 /* SceneDelegate.swift */ = {isa = PBXFileReference; lastKnownFileType = sourcecode.swift; path = SceneDelegate.swift; sourceTree = "<group>"; };
		2AF061C228EAEBA1005DAAA5 /* ViewController.swift */ = {isa = PBXFileReference; lastKnownFileType = sourcecode.swift; path = ViewController.swift; sourceTree = "<group>"; };
		2AF061C528EAEBA1005DAAA5 /* Base */ = {isa = PBXFileReference; lastKnownFileType = file.storyboard; name = Base; path = Base.lproj/Main.storyboard; sourceTree = "<group>"; };
		2AF061C728EAEBA5005DAAA5 /* Assets.xcassets */ = {isa = PBXFileReference; lastKnownFileType = folder.assetcatalog; path = Assets.xcassets; sourceTree = "<group>"; };
		2AF061CA28EAEBA5005DAAA5 /* Base */ = {isa = PBXFileReference; lastKnownFileType = file.storyboard; name = Base; path = Base.lproj/LaunchScreen.storyboard; sourceTree = "<group>"; };
		2AF061CC28EAEBA5005DAAA5 /* Info.plist */ = {isa = PBXFileReference; lastKnownFileType = text.plist.xml; path = Info.plist; sourceTree = "<group>"; };
		2AF061D528EB09C4005DAAA5 /* ViewController+BankConnects.swift */ = {isa = PBXFileReference; lastKnownFileType = sourcecode.swift; path = "ViewController+BankConnects.swift"; sourceTree = "<group>"; };
		2AF061D728EB0A4F005DAAA5 /* ViewController+DataAPIs.swift */ = {isa = PBXFileReference; lastKnownFileType = sourcecode.swift; path = "ViewController+DataAPIs.swift"; sourceTree = "<group>"; };
		2AF061D928EB0B69005DAAA5 /* ViewController+PaymentAPIs.swift.swift */ = {isa = PBXFileReference; lastKnownFileType = sourcecode.swift; path = "ViewController+PaymentAPIs.swift.swift"; sourceTree = "<group>"; };
/* End PBXFileReference section */

/* Begin PBXFrameworksBuildPhase section */
		2A4771BA29CB19A00003E98D /* Frameworks */ = {
			isa = PBXFrameworksBuildPhase;
			buildActionMask = 2147483647;
			files = (
				2A4771DC29CB1CB20003E98D /* DapiSDK in Frameworks */,
			);
			runOnlyForDeploymentPostprocessing = 0;
		};
		2AF061B828EAEBA1005DAAA5 /* Frameworks */ = {
			isa = PBXFrameworksBuildPhase;
			buildActionMask = 2147483647;
			files = (
			);
			runOnlyForDeploymentPostprocessing = 0;
		};
/* End PBXFrameworksBuildPhase section */

/* Begin PBXGroup section */
		2A4771BE29CB19A00003E98D /* Objective-C */ = {
			isa = PBXGroup;
			children = (
				2A3E047F29DDAC5200E0DF42 /* Main.storyboard */,
				2A4771BF29CB19A00003E98D /* AppDelegate.h */,
				2A4771C029CB19A00003E98D /* AppDelegate.m */,
				2A4771C229CB19A00003E98D /* SceneDelegate.h */,
				2A4771C329CB19A00003E98D /* SceneDelegate.m */,
				2A4771C529CB19A00003E98D /* ViewController.h */,
				2A4771C629CB19A00003E98D /* ViewController.m */,
				2A4771CB29CB19A10003E98D /* Assets.xcassets */,
				2A4771CD29CB19A10003E98D /* LaunchScreen.storyboard */,
				2A4771D029CB19A10003E98D /* Info.plist */,
				2A4771D129CB19A10003E98D /* main.m */,
			);
			path = "Objective-C";
			sourceTree = "<group>";
		};
		2A4771DD29CB1CD30003E98D /* Frameworks */ = {
			isa = PBXGroup;
			children = (
			);
			name = Frameworks;
			sourceTree = "<group>";
		};
		2AF061B228EAEBA1005DAAA5 = {
			isa = PBXGroup;
			children = (
				2AF061BD28EAEBA1005DAAA5 /* Example */,
				2A4771BE29CB19A00003E98D /* Objective-C */,
				2AF061BC28EAEBA1005DAAA5 /* Products */,
				2A4771DD29CB1CD30003E98D /* Frameworks */,
			);
			sourceTree = "<group>";
		};
		2AF061BC28EAEBA1005DAAA5 /* Products */ = {
			isa = PBXGroup;
			children = (
				2AF061BB28EAEBA1005DAAA5 /* Example.app */,
				2A4771BD29CB19A00003E98D /* Objective-C.app */,
			);
			name = Products;
			sourceTree = "<group>";
		};
		2AF061BD28EAEBA1005DAAA5 /* Example */ = {
			isa = PBXGroup;
			children = (
				2AF061BE28EAEBA1005DAAA5 /* AppDelegate.swift */,
				2AF061C028EAEBA1005DAAA5 /* SceneDelegate.swift */,
				2AF061C228EAEBA1005DAAA5 /* ViewController.swift */,
				2AF061D528EB09C4005DAAA5 /* ViewController+BankConnects.swift */,
				2AF061D728EB0A4F005DAAA5 /* ViewController+DataAPIs.swift */,
				2AF061D928EB0B69005DAAA5 /* ViewController+PaymentAPIs.swift.swift */,
				2AF061C428EAEBA1005DAAA5 /* Main.storyboard */,
				2AF061C728EAEBA5005DAAA5 /* Assets.xcassets */,
				2AF061C928EAEBA5005DAAA5 /* LaunchScreen.storyboard */,
				2AF061CC28EAEBA5005DAAA5 /* Info.plist */,
			);
			path = Example;
			sourceTree = "<group>";
		};
/* End PBXGroup section */

/* Begin PBXNativeTarget section */
		2A4771BC29CB19A00003E98D /* Objective-C */ = {
			isa = PBXNativeTarget;
			buildConfigurationList = 2A4771D329CB19A10003E98D /* Build configuration list for PBXNativeTarget "Objective-C" */;
			buildPhases = (
				2A4771B929CB19A00003E98D /* Sources */,
				2A4771BA29CB19A00003E98D /* Frameworks */,
				2A4771BB29CB19A00003E98D /* Resources */,
			);
			buildRules = (
			);
			dependencies = (
			);
			name = "Objective-C";
			packageProductDependencies = (
				2A4771DB29CB1CB20003E98D /* DapiSDK */,
			);
			productName = "Objective-C";
			productReference = 2A4771BD29CB19A00003E98D /* Objective-C.app */;
			productType = "com.apple.product-type.application";
		};
		2AF061BA28EAEBA1005DAAA5 /* Example */ = {
			isa = PBXNativeTarget;
			buildConfigurationList = 2AF061CF28EAEBA5005DAAA5 /* Build configuration list for PBXNativeTarget "Example" */;
			buildPhases = (
				2AF061B728EAEBA1005DAAA5 /* Sources */,
				2AF061B828EAEBA1005DAAA5 /* Frameworks */,
				2AF061B928EAEBA1005DAAA5 /* Resources */,
			);
			buildRules = (
			);
			dependencies = (
			);
			name = Example;
			packageProductDependencies = (
			);
			productName = Example;
			productReference = 2AF061BB28EAEBA1005DAAA5 /* Example.app */;
			productType = "com.apple.product-type.application";
		};
/* End PBXNativeTarget section */

/* Begin PBXProject section */
		2AF061B328EAEBA1005DAAA5 /* Project object */ = {
			isa = PBXProject;
			attributes = {
				BuildIndependentTargetsInParallel = 1;
				LastSwiftUpdateCheck = 1340;
				LastUpgradeCheck = 1340;
				TargetAttributes = {
					2A4771BC29CB19A00003E98D = {
						CreatedOnToolsVersion = 14.2;
					};
					2AF061BA28EAEBA1005DAAA5 = {
						CreatedOnToolsVersion = 13.4.1;
					};
				};
			};
			buildConfigurationList = 2AF061B628EAEBA1005DAAA5 /* Build configuration list for PBXProject "Example" */;
			compatibilityVersion = "Xcode 13.0";
			developmentRegion = en;
			hasScannedForEncodings = 0;
			knownRegions = (
				en,
				Base,
			);
			mainGroup = 2AF061B228EAEBA1005DAAA5;
			packageReferences = (
				2A4771DA29CB1CB20003E98D /* XCRemoteSwiftPackageReference "Dapi-iOS" */,
			);
			productRefGroup = 2AF061BC28EAEBA1005DAAA5 /* Products */;
			projectDirPath = "";
			projectRoot = "";
			targets = (
				2AF061BA28EAEBA1005DAAA5 /* Example */,
				2A4771BC29CB19A00003E98D /* Objective-C */,
			);
		};
/* End PBXProject section */

/* Begin PBXResourcesBuildPhase section */
		2A4771BB29CB19A00003E98D /* Resources */ = {
			isa = PBXResourcesBuildPhase;
			buildActionMask = 2147483647;
			files = (
				2A3E048029DDAC5200E0DF42 /* Main.storyboard in Resources */,
				2A4771CF29CB19A10003E98D /* LaunchScreen.storyboard in Resources */,
				2A4771CC29CB19A10003E98D /* Assets.xcassets in Resources */,
			);
			runOnlyForDeploymentPostprocessing = 0;
		};
		2AF061B928EAEBA1005DAAA5 /* Resources */ = {
			isa = PBXResourcesBuildPhase;
			buildActionMask = 2147483647;
			files = (
				2AF061CB28EAEBA5005DAAA5 /* LaunchScreen.storyboard in Resources */,
				2AF061C828EAEBA5005DAAA5 /* Assets.xcassets in Resources */,
				2AF061C628EAEBA1005DAAA5 /* Main.storyboard in Resources */,
			);
			runOnlyForDeploymentPostprocessing = 0;
		};
/* End PBXResourcesBuildPhase section */

/* Begin PBXSourcesBuildPhase section */
		2A4771B929CB19A00003E98D /* Sources */ = {
			isa = PBXSourcesBuildPhase;
			buildActionMask = 2147483647;
			files = (
				2A4771C729CB19A00003E98D /* ViewController.m in Sources */,
				2A4771C129CB19A00003E98D /* AppDelegate.m in Sources */,
				2A4771D229CB19A10003E98D /* main.m in Sources */,
				2A4771C429CB19A00003E98D /* SceneDelegate.m in Sources */,
			);
			runOnlyForDeploymentPostprocessing = 0;
		};
		2AF061B728EAEBA1005DAAA5 /* Sources */ = {
			isa = PBXSourcesBuildPhase;
			buildActionMask = 2147483647;
			files = (
				2AF061D828EB0A4F005DAAA5 /* ViewController+DataAPIs.swift in Sources */,
				2AF061C328EAEBA1005DAAA5 /* ViewController.swift in Sources */,
				2AF061DA28EB0B69005DAAA5 /* ViewController+PaymentAPIs.swift.swift in Sources */,
				2AF061D628EB09C4005DAAA5 /* ViewController+BankConnects.swift in Sources */,
				2AF061BF28EAEBA1005DAAA5 /* AppDelegate.swift in Sources */,
				2AF061C128EAEBA1005DAAA5 /* SceneDelegate.swift in Sources */,
			);
			runOnlyForDeploymentPostprocessing = 0;
		};
/* End PBXSourcesBuildPhase section */

/* Begin PBXVariantGroup section */
		2A4771CD29CB19A10003E98D /* LaunchScreen.storyboard */ = {
			isa = PBXVariantGroup;
			children = (
				2A4771CE29CB19A10003E98D /* Base */,
			);
			name = LaunchScreen.storyboard;
			sourceTree = "<group>";
		};
		2AF061C428EAEBA1005DAAA5 /* Main.storyboard */ = {
			isa = PBXVariantGroup;
			children = (
				2AF061C528EAEBA1005DAAA5 /* Base */,
			);
			name = Main.storyboard;
			sourceTree = "<group>";
		};
		2AF061C928EAEBA5005DAAA5 /* LaunchScreen.storyboard */ = {
			isa = PBXVariantGroup;
			children = (
				2AF061CA28EAEBA5005DAAA5 /* Base */,
			);
			name = LaunchScreen.storyboard;
			sourceTree = "<group>";
		};
/* End PBXVariantGroup section */

/* Begin XCBuildConfiguration section */
		2A4771D429CB19A10003E98D /* Debug */ = {
			isa = XCBuildConfiguration;
			buildSettings = {
				ASSETCATALOG_COMPILER_APPICON_NAME = AppIcon;
				ASSETCATALOG_COMPILER_GLOBAL_ACCENT_COLOR_NAME = AccentColor;
				CLANG_CXX_LANGUAGE_STANDARD = "gnu++20";
				CODE_SIGN_STYLE = Automatic;
				CURRENT_PROJECT_VERSION = 1;
				GENERATE_INFOPLIST_FILE = YES;
				INFOPLIST_FILE = "Objective-C/Info.plist";
				INFOPLIST_KEY_CFBundleDisplayName = com.dapi.app;
				INFOPLIST_KEY_UIApplicationSupportsIndirectInputEvents = YES;
				INFOPLIST_KEY_UILaunchStoryboardName = LaunchScreen;
				INFOPLIST_KEY_UIMainStoryboardFile = Main;
				INFOPLIST_KEY_UISupportedInterfaceOrientations_iPad = "UIInterfaceOrientationPortrait UIInterfaceOrientationPortraitUpsideDown UIInterfaceOrientationLandscapeLeft UIInterfaceOrientationLandscapeRight";
				INFOPLIST_KEY_UISupportedInterfaceOrientations_iPhone = "UIInterfaceOrientationPortrait UIInterfaceOrientationLandscapeLeft UIInterfaceOrientationLandscapeRight";
				IPHONEOS_DEPLOYMENT_TARGET = 16.2;
				LD_RUNPATH_SEARCH_PATHS = (
					"$(inherited)",
					"@executable_path/Frameworks",
				);
				MARKETING_VERSION = 1.0;
				PRODUCT_BUNDLE_IDENTIFIER = com.dapi.app;
				PRODUCT_NAME = "$(TARGET_NAME)";
				SUPPORTED_PLATFORMS = "iphoneos iphonesimulator";
				SUPPORTS_MACCATALYST = NO;
				SUPPORTS_MAC_DESIGNED_FOR_IPHONE_IPAD = NO;
				SWIFT_EMIT_LOC_STRINGS = YES;
				TARGETED_DEVICE_FAMILY = 1;
			};
			name = Debug;
		};
		2A4771D529CB19A10003E98D /* Release */ = {
			isa = XCBuildConfiguration;
			buildSettings = {
				ASSETCATALOG_COMPILER_APPICON_NAME = AppIcon;
				ASSETCATALOG_COMPILER_GLOBAL_ACCENT_COLOR_NAME = AccentColor;
				CLANG_CXX_LANGUAGE_STANDARD = "gnu++20";
				CODE_SIGN_STYLE = Automatic;
				CURRENT_PROJECT_VERSION = 1;
				GENERATE_INFOPLIST_FILE = YES;
				INFOPLIST_FILE = "Objective-C/Info.plist";
				INFOPLIST_KEY_CFBundleDisplayName = com.dapi.app;
				INFOPLIST_KEY_UIApplicationSupportsIndirectInputEvents = YES;
				INFOPLIST_KEY_UILaunchStoryboardName = LaunchScreen;
				INFOPLIST_KEY_UIMainStoryboardFile = Main;
				INFOPLIST_KEY_UISupportedInterfaceOrientations_iPad = "UIInterfaceOrientationPortrait UIInterfaceOrientationPortraitUpsideDown UIInterfaceOrientationLandscapeLeft UIInterfaceOrientationLandscapeRight";
				INFOPLIST_KEY_UISupportedInterfaceOrientations_iPhone = "UIInterfaceOrientationPortrait UIInterfaceOrientationLandscapeLeft UIInterfaceOrientationLandscapeRight";
				IPHONEOS_DEPLOYMENT_TARGET = 16.2;
				LD_RUNPATH_SEARCH_PATHS = (
					"$(inherited)",
					"@executable_path/Frameworks",
				);
				MARKETING_VERSION = 1.0;
				PRODUCT_BUNDLE_IDENTIFIER = com.dapi.app;
				PRODUCT_NAME = "$(TARGET_NAME)";
				SUPPORTED_PLATFORMS = "iphoneos iphonesimulator";
				SUPPORTS_MACCATALYST = NO;
				SUPPORTS_MAC_DESIGNED_FOR_IPHONE_IPAD = NO;
				SWIFT_EMIT_LOC_STRINGS = YES;
				TARGETED_DEVICE_FAMILY = 1;
			};
			name = Release;
		};
		2AF061CD28EAEBA5005DAAA5 /* Debug */ = {
			isa = XCBuildConfiguration;
			buildSettings = {
				ALWAYS_SEARCH_USER_PATHS = NO;
				CLANG_ANALYZER_NONNULL = YES;
				CLANG_ANALYZER_NUMBER_OBJECT_CONVERSION = YES_AGGRESSIVE;
				CLANG_CXX_LANGUAGE_STANDARD = "gnu++17";
				CLANG_ENABLE_MODULES = YES;
				CLANG_ENABLE_OBJC_ARC = YES;
				CLANG_ENABLE_OBJC_WEAK = YES;
				CLANG_WARN_BLOCK_CAPTURE_AUTORELEASING = YES;
				CLANG_WARN_BOOL_CONVERSION = YES;
				CLANG_WARN_COMMA = YES;
				CLANG_WARN_CONSTANT_CONVERSION = YES;
				CLANG_WARN_DEPRECATED_OBJC_IMPLEMENTATIONS = YES;
				CLANG_WARN_DIRECT_OBJC_ISA_USAGE = YES_ERROR;
				CLANG_WARN_DOCUMENTATION_COMMENTS = YES;
				CLANG_WARN_EMPTY_BODY = YES;
				CLANG_WARN_ENUM_CONVERSION = YES;
				CLANG_WARN_INFINITE_RECURSION = YES;
				CLANG_WARN_INT_CONVERSION = YES;
				CLANG_WARN_NON_LITERAL_NULL_CONVERSION = YES;
				CLANG_WARN_OBJC_IMPLICIT_RETAIN_SELF = YES;
				CLANG_WARN_OBJC_LITERAL_CONVERSION = YES;
				CLANG_WARN_OBJC_ROOT_CLASS = YES_ERROR;
				CLANG_WARN_QUOTED_INCLUDE_IN_FRAMEWORK_HEADER = YES;
				CLANG_WARN_RANGE_LOOP_ANALYSIS = YES;
				CLANG_WARN_STRICT_PROTOTYPES = YES;
				CLANG_WARN_SUSPICIOUS_MOVE = YES;
				CLANG_WARN_UNGUARDED_AVAILABILITY = YES_AGGRESSIVE;
				CLANG_WARN_UNREACHABLE_CODE = YES;
				CLANG_WARN__DUPLICATE_METHOD_MATCH = YES;
				COPY_PHASE_STRIP = NO;
				DEBUG_INFORMATION_FORMAT = dwarf;
				ENABLE_STRICT_OBJC_MSGSEND = YES;
				ENABLE_TESTABILITY = YES;
				GCC_C_LANGUAGE_STANDARD = gnu11;
				GCC_DYNAMIC_NO_PIC = NO;
				GCC_NO_COMMON_BLOCKS = YES;
				GCC_OPTIMIZATION_LEVEL = 0;
				GCC_PREPROCESSOR_DEFINITIONS = (
					"DEBUG=1",
					"$(inherited)",
				);
				GCC_WARN_64_TO_32_BIT_CONVERSION = YES;
				GCC_WARN_ABOUT_RETURN_TYPE = YES_ERROR;
				GCC_WARN_UNDECLARED_SELECTOR = YES;
				GCC_WARN_UNINITIALIZED_AUTOS = YES_AGGRESSIVE;
				GCC_WARN_UNUSED_FUNCTION = YES;
				GCC_WARN_UNUSED_VARIABLE = YES;
				IPHONEOS_DEPLOYMENT_TARGET = 15.5;
				MTL_ENABLE_DEBUG_INFO = INCLUDE_SOURCE;
				MTL_FAST_MATH = YES;
				ONLY_ACTIVE_ARCH = YES;
				SDKROOT = iphoneos;
				SWIFT_ACTIVE_COMPILATION_CONDITIONS = DEBUG;
				SWIFT_OPTIMIZATION_LEVEL = "-Onone";
			};
			name = Debug;
		};
		2AF061CE28EAEBA5005DAAA5 /* Release */ = {
			isa = XCBuildConfiguration;
			buildSettings = {
				ALWAYS_SEARCH_USER_PATHS = NO;
				CLANG_ANALYZER_NONNULL = YES;
				CLANG_ANALYZER_NUMBER_OBJECT_CONVERSION = YES_AGGRESSIVE;
				CLANG_CXX_LANGUAGE_STANDARD = "gnu++17";
				CLANG_ENABLE_MODULES = YES;
				CLANG_ENABLE_OBJC_ARC = YES;
				CLANG_ENABLE_OBJC_WEAK = YES;
				CLANG_WARN_BLOCK_CAPTURE_AUTORELEASING = YES;
				CLANG_WARN_BOOL_CONVERSION = YES;
				CLANG_WARN_COMMA = YES;
				CLANG_WARN_CONSTANT_CONVERSION = YES;
				CLANG_WARN_DEPRECATED_OBJC_IMPLEMENTATIONS = YES;
				CLANG_WARN_DIRECT_OBJC_ISA_USAGE = YES_ERROR;
				CLANG_WARN_DOCUMENTATION_COMMENTS = YES;
				CLANG_WARN_EMPTY_BODY = YES;
				CLANG_WARN_ENUM_CONVERSION = YES;
				CLANG_WARN_INFINITE_RECURSION = YES;
				CLANG_WARN_INT_CONVERSION = YES;
				CLANG_WARN_NON_LITERAL_NULL_CONVERSION = YES;
				CLANG_WARN_OBJC_IMPLICIT_RETAIN_SELF = YES;
				CLANG_WARN_OBJC_LITERAL_CONVERSION = YES;
				CLANG_WARN_OBJC_ROOT_CLASS = YES_ERROR;
				CLANG_WARN_QUOTED_INCLUDE_IN_FRAMEWORK_HEADER = YES;
				CLANG_WARN_RANGE_LOOP_ANALYSIS = YES;
				CLANG_WARN_STRICT_PROTOTYPES = YES;
				CLANG_WARN_SUSPICIOUS_MOVE = YES;
				CLANG_WARN_UNGUARDED_AVAILABILITY = YES_AGGRESSIVE;
				CLANG_WARN_UNREACHABLE_CODE = YES;
				CLANG_WARN__DUPLICATE_METHOD_MATCH = YES;
				COPY_PHASE_STRIP = NO;
				DEBUG_INFORMATION_FORMAT = "dwarf-with-dsym";
				ENABLE_NS_ASSERTIONS = NO;
				ENABLE_STRICT_OBJC_MSGSEND = YES;
				GCC_C_LANGUAGE_STANDARD = gnu11;
				GCC_NO_COMMON_BLOCKS = YES;
				GCC_WARN_64_TO_32_BIT_CONVERSION = YES;
				GCC_WARN_ABOUT_RETURN_TYPE = YES_ERROR;
				GCC_WARN_UNDECLARED_SELECTOR = YES;
				GCC_WARN_UNINITIALIZED_AUTOS = YES_AGGRESSIVE;
				GCC_WARN_UNUSED_FUNCTION = YES;
				GCC_WARN_UNUSED_VARIABLE = YES;
				IPHONEOS_DEPLOYMENT_TARGET = 15.5;
				MTL_ENABLE_DEBUG_INFO = NO;
				MTL_FAST_MATH = YES;
				SDKROOT = iphoneos;
				SWIFT_COMPILATION_MODE = wholemodule;
				SWIFT_OPTIMIZATION_LEVEL = "-O";
				VALIDATE_PRODUCT = YES;
			};
			name = Release;
		};
		2AF061D028EAEBA5005DAAA5 /* Debug */ = {
			isa = XCBuildConfiguration;
			buildSettings = {
				ASSETCATALOG_COMPILER_APPICON_NAME = AppIcon;
				ASSETCATALOG_COMPILER_GLOBAL_ACCENT_COLOR_NAME = AccentColor;
				CODE_SIGN_STYLE = Automatic;
				CURRENT_PROJECT_VERSION = 1;
				GENERATE_INFOPLIST_FILE = YES;
				INFOPLIST_FILE = Example/Info.plist;
				INFOPLIST_KEY_UIApplicationSupportsIndirectInputEvents = YES;
				INFOPLIST_KEY_UILaunchStoryboardName = LaunchScreen;
				INFOPLIST_KEY_UIMainStoryboardFile = Main;
				INFOPLIST_KEY_UISupportedInterfaceOrientations_iPad = "UIInterfaceOrientationPortrait UIInterfaceOrientationPortraitUpsideDown UIInterfaceOrientationLandscapeLeft UIInterfaceOrientationLandscapeRight";
				INFOPLIST_KEY_UISupportedInterfaceOrientations_iPhone = "UIInterfaceOrientationPortrait UIInterfaceOrientationLandscapeLeft UIInterfaceOrientationLandscapeRight";
				LD_RUNPATH_SEARCH_PATHS = (
					"$(inherited)",
					"@executable_path/Frameworks",
				);
				MARKETING_VERSION = 1.0;
				PRODUCT_BUNDLE_IDENTIFIER = com.dapi.app;
				PRODUCT_NAME = "$(TARGET_NAME)";
				SWIFT_EMIT_LOC_STRINGS = YES;
				SWIFT_VERSION = 5.0;
				TARGETED_DEVICE_FAMILY = "1,2";
			};
			name = Debug;
		};
		2AF061D128EAEBA5005DAAA5 /* Release */ = {
			isa = XCBuildConfiguration;
			buildSettings = {
				ASSETCATALOG_COMPILER_APPICON_NAME = AppIcon;
				ASSETCATALOG_COMPILER_GLOBAL_ACCENT_COLOR_NAME = AccentColor;
				CODE_SIGN_STYLE = Automatic;
				CURRENT_PROJECT_VERSION = 1;
				GENERATE_INFOPLIST_FILE = YES;
				INFOPLIST_FILE = Example/Info.plist;
				INFOPLIST_KEY_UIApplicationSupportsIndirectInputEvents = YES;
				INFOPLIST_KEY_UILaunchStoryboardName = LaunchScreen;
				INFOPLIST_KEY_UIMainStoryboardFile = Main;
				INFOPLIST_KEY_UISupportedInterfaceOrientations_iPad = "UIInterfaceOrientationPortrait UIInterfaceOrientationPortraitUpsideDown UIInterfaceOrientationLandscapeLeft UIInterfaceOrientationLandscapeRight";
				INFOPLIST_KEY_UISupportedInterfaceOrientations_iPhone = "UIInterfaceOrientationPortrait UIInterfaceOrientationLandscapeLeft UIInterfaceOrientationLandscapeRight";
				LD_RUNPATH_SEARCH_PATHS = (
					"$(inherited)",
					"@executable_path/Frameworks",
				);
				MARKETING_VERSION = 1.0;
				PRODUCT_BUNDLE_IDENTIFIER = com.dapi.app;
				PRODUCT_NAME = "$(TARGET_NAME)";
				SWIFT_EMIT_LOC_STRINGS = YES;
				SWIFT_VERSION = 5.0;
				TARGETED_DEVICE_FAMILY = "1,2";
			};
			name = Release;
		};
/* End XCBuildConfiguration section */

/* Begin XCConfigurationList section */
		2A4771D329CB19A10003E98D /* Build configuration list for PBXNativeTarget "Objective-C" */ = {
			isa = XCConfigurationList;
			buildConfigurations = (
				2A4771D429CB19A10003E98D /* Debug */,
				2A4771D529CB19A10003E98D /* Release */,
			);
			defaultConfigurationIsVisible = 0;
			defaultConfigurationName = Release;
		};
		2AF061B628EAEBA1005DAAA5 /* Build configuration list for PBXProject "Example" */ = {
			isa = XCConfigurationList;
			buildConfigurations = (
				2AF061CD28EAEBA5005DAAA5 /* Debug */,
				2AF061CE28EAEBA5005DAAA5 /* Release */,
			);
			defaultConfigurationIsVisible = 0;
			defaultConfigurationName = Release;
		};
		2AF061CF28EAEBA5005DAAA5 /* Build configuration list for PBXNativeTarget "Example" */ = {
			isa = XCConfigurationList;
			buildConfigurations = (
				2AF061D028EAEBA5005DAAA5 /* Debug */,
				2AF061D128EAEBA5005DAAA5 /* Release */,
			);
			defaultConfigurationIsVisible = 0;
			defaultConfigurationName = Release;
		};
/* End XCConfigurationList section */

/* Begin XCRemoteSwiftPackageReference section */
		2A4771DA29CB1CB20003E98D /* XCRemoteSwiftPackageReference "Dapi-iOS" */ = {
			isa = XCRemoteSwiftPackageReference;
			repositoryURL = "https://github.com/dapi-co/Dapi-iOS";
			requirement = {
				kind = upToNextMajorVersion;
				minimumVersion = 2.8.0;
			};
		};
/* End XCRemoteSwiftPackageReference section */

/* Begin XCSwiftPackageProductDependency section */
		2A4771DB29CB1CB20003E98D /* DapiSDK */ = {
			isa = XCSwiftPackageProductDependency;
			package = 2A4771DA29CB1CB20003E98D /* XCRemoteSwiftPackageReference "Dapi-iOS" */;
			productName = DapiSDK;
		};
/* End XCSwiftPackageProductDependency section */
	};
	rootObject = 2AF061B328EAEBA1005DAAA5 /* Project object */;
}
